
Microsoft Visual Studio Solution File, Format Version 12.00
# Visual Studio 15
VisualStudioVersion = 15.0.26124.0
MinimumVisualStudioVersion = 15.0.26124.0
Project("{FAE04EC0-301F-11D3-BF4B-00C04F79EFBC}") = "AccountBookApi.Domain", "AccountBookApi.Models\AccountBookApi.Models.csproj", "{D4E3C4CC-AB0B-4E33-93CA-4EAC398D4F83}"
EndProject
Project("{FAE04EC0-301F-11D3-BF4B-00C04F79EFBC}") = "AccountBookApi", "AccountBookApi\AccountBookApi.csproj", "{07B9FA8F-04CA-4794-AF99-FC18BA4438BD}"
EndProject
Global
	GlobalSection(SolutionConfigurationPlatforms) = preSolution
		Debug|Any CPU = Debug|Any CPU
		Debug|x64 = Debug|x64
		Debug|x86 = Debug|x86
		Release|Any CPU = Release|Any CPU
		Release|x64 = Release|x64
		Release|x86 = Release|x86
	EndGlobalSection
	GlobalSection(SolutionProperties) = preSolution
		HideSolutionNode = FALSE
	EndGlobalSection
	GlobalSection(ProjectConfigurationPlatforms) = postSolution
		{D4E3C4CC-AB0B-4E33-93CA-4EAC398D4F83}.Debug|Any CPU.ActiveCfg = Debug|Any CPU
		{D4E3C4CC-AB0B-4E33-93CA-4EAC398D4F83}.Debug|Any CPU.Build.0 = Debug|Any CPU
		{D4E3C4CC-AB0B-4E33-93CA-4EAC398D4F83}.Debug|x64.ActiveCfg = Debug|Any CPU
		{D4E3C4CC-AB0B-4E33-93CA-4EAC398D4F83}.Debug|x64.Build.0 = Debug|Any CPU
		{D4E3C4CC-AB0B-4E33-93CA-4EAC398D4F83}.Debug|x86.ActiveCfg = Debug|Any CPU
		{D4E3C4CC-AB0B-4E33-93CA-4EAC398D4F83}.Debug|x86.Build.0 = Debug|Any CPU
		{D4E3C4CC-AB0B-4E33-93CA-4EAC398D4F83}.Release|Any CPU.ActiveCfg = Release|Any CPU
		{D4E3C4CC-AB0B-4E33-93CA-4EAC398D4F83}.Release|Any CPU.Build.0 = Release|Any CPU
		{D4E3C4CC-AB0B-4E33-93CA-4EAC398D4F83}.Release|x64.ActiveCfg = Release|Any CPU
		{D4E3C4CC-AB0B-4E33-93CA-4EAC398D4F83}.Release|x64.Build.0 = Release|Any CPU
		{D4E3C4CC-AB0B-4E33-93CA-4EAC398D4F83}.Release|x86.ActiveCfg = Release|Any CPU
		{D4E3C4CC-AB0B-4E33-93CA-4EAC398D4F83}.Release|x86.Build.0 = Release|Any CPU
		{07B9FA8F-04CA-4794-AF99-FC18BA4438BD}.Debug|Any CPU.ActiveCfg = Debug|Any CPU
		{07B9FA8F-04CA-4794-AF99-FC18BA4438BD}.Debug|Any CPU.Build.0 = Debug|Any CPU
		{07B9FA8F-04CA-4794-AF99-FC18BA4438BD}.Debug|x64.ActiveCfg = Debug|Any CPU
		{07B9FA8F-04CA-4794-AF99-FC18BA4438BD}.Debug|x64.Build.0 = Debug|Any CPU
		{07B9FA8F-04CA-4794-AF99-FC18BA4438BD}.Debug|x86.ActiveCfg = Debug|Any CPU
		{07B9FA8F-04CA-4794-AF99-FC18BA4438BD}.Debug|x86.Build.0 = Debug|Any CPU
		{07B9FA8F-04CA-4794-AF99-FC18BA4438BD}.Release|Any CPU.ActiveCfg = Release|Any CPU
		{07B9FA8F-04CA-4794-AF99-FC18BA4438BD}.Release|Any CPU.Build.0 = Release|Any CPU
		{07B9FA8F-04CA-4794-AF99-FC18BA4438BD}.Release|x64.ActiveCfg = Release|Any CPU
		{07B9FA8F-04CA-4794-AF99-FC18BA4438BD}.Release|x64.Build.0 = Release|Any CPU
		{07B9FA8F-04CA-4794-AF99-FC18BA4438BD}.Release|x86.ActiveCfg = Release|Any CPU
		{07B9FA8F-04CA-4794-AF99-FC18BA4438BD}.Release|x86.Build.0 = Release|Any CPU
	EndGlobalSection
EndGlobal
